// !$*UTF8*$!
{
	archiveVersion = 1;
	classes = {
	};
	objectVersion = 48;
	objects = {

/* Begin PBXBuildFile section */
		1B6EF1AF2027FCF7002605BC /* AppDelegate.swift in Sources */ = {isa = PBXBuildFile; fileRef = 1B6EF1AE2027FCF7002605BC /* AppDelegate.swift */; };
		1B6EF1B12027FCF7002605BC /* ViewController.swift in Sources */ = {isa = PBXBuildFile; fileRef = 1B6EF1B02027FCF7002605BC /* ViewController.swift */; };
		1B6EF1B42027FCF7002605BC /* Main.storyboard in Resources */ = {isa = PBXBuildFile; fileRef = 1B6EF1B22027FCF7002605BC /* Main.storyboard */; };
		1B6EF1B62027FCF7002605BC /* Assets.xcassets in Resources */ = {isa = PBXBuildFile; fileRef = 1B6EF1B52027FCF7002605BC /* Assets.xcassets */; };
		1B6EF1B92027FCF7002605BC /* LaunchScreen.storyboard in Resources */ = {isa = PBXBuildFile; fileRef = 1B6EF1B72027FCF7002605BC /* LaunchScreen.storyboard */; };
		1B6EF1C42027FCF7002605BC /* TumblrTests.swift in Sources */ = {isa = PBXBuildFile; fileRef = 1B6EF1C32027FCF7002605BC /* TumblrTests.swift */; };
		1B6EF1CF2027FCF8002605BC /* TumblrUITests.swift in Sources */ = {isa = PBXBuildFile; fileRef = 1B6EF1CE2027FCF8002605BC /* TumblrUITests.swift */; };
/* End PBXBuildFile section */

/* Begin PBXContainerItemProxy section */
		1B6EF1C02027FCF7002605BC /* PBXContainerItemProxy */ = {
			isa = PBXContainerItemProxy;
			containerPortal = 1B6EF1A32027FCF7002605BC /* Project object */;
			proxyType = 1;
			remoteGlobalIDString = 1B6EF1AA2027FCF7002605BC;
			remoteInfo = Tumblr;
		};
		1B6EF1CB2027FCF8002605BC /* PBXContainerItemProxy */ = {
			isa = PBXContainerItemProxy;
			containerPortal = 1B6EF1A32027FCF7002605BC /* Project object */;
			proxyType = 1;
			remoteGlobalIDString = 1B6EF1AA2027FCF7002605BC;
			remoteInfo = Tumblr;
		};
/* End PBXContainerItemProxy section */

/* Begin PBXFileReference section */
		1B6EF1AB2027FCF7002605BC /* Tumblr.app */ = {isa = PBXFileReference; explicitFileType = wrapper.application; includeInIndex = 0; path = Tumblr.app; sourceTree = BUILT_PRODUCTS_DIR; };
		1B6EF1AE2027FCF7002605BC /* AppDelegate.swift */ = {isa = PBXFileReference; lastKnownFileType = sourcecode.swift; path = AppDelegate.swift; sourceTree = "<group>"; };
		1B6EF1B02027FCF7002605BC /* ViewController.swift */ = {isa = PBXFileReference; lastKnownFileType = sourcecode.swift; path = ViewController.swift; sourceTree = "<group>"; };
		1B6EF1B32027FCF7002605BC /* Base */ = {isa = PBXFileReference; lastKnownFileType = file.storyboard; name = Base; path = Base.lproj/Main.storyboard; sourceTree = "<group>"; };
		1B6EF1B52027FCF7002605BC /* Assets.xcassets */ = {isa = PBXFileReference; lastKnownFileType = folder.assetcatalog; path = Assets.xcassets; sourceTree = "<group>"; };
		1B6EF1B82027FCF7002605BC /* Base */ = {isa = PBXFileReference; lastKnownFileType = file.storyboard; name = Base; path = Base.lproj/LaunchScreen.storyboard; sourceTree = "<group>"; };
		1B6EF1BA2027FCF7002605BC /* Info.plist */ = {isa = PBXFileReference; lastKnownFileType = text.plist.xml; path = Info.plist; sourceTree = "<group>"; };
		1B6EF1BF2027FCF7002605BC /* TumblrTests.xctest */ = {isa = PBXFileReference; explicitFileType = wrapper.cfbundle; includeInIndex = 0; path = TumblrTests.xctest; sourceTree = BUILT_PRODUCTS_DIR; };
		1B6EF1C32027FCF7002605BC /* TumblrTests.swift */ = {isa = PBXFileReference; lastKnownFileType = sourcecode.swift; path = TumblrTests.swift; sourceTree = "<group>"; };
		1B6EF1C52027FCF8002605BC /* Info.plist */ = {isa = PBXFileReference; lastKnownFileType = text.plist.xml; path = Info.plist; sourceTree = "<group>"; };
		1B6EF1CA2027FCF8002605BC /* TumblrUITests.xctest */ = {isa = PBXFileReference; explicitFileType = wrapper.cfbundle; includeInIndex = 0; path = TumblrUITests.xctest; sourceTree = BUILT_PRODUCTS_DIR; };
		1B6EF1CE2027FCF8002605BC /* TumblrUITests.swift */ = {isa = PBXFileReference; lastKnownFileType = sourcecode.swift; path = TumblrUITests.swift; sourceTree = "<group>"; };
		1B6EF1D02027FCF8002605BC /* Info.plist */ = {isa = PBXFileReference; lastKnownFileType = text.plist.xml; path = Info.plist; sourceTree = "<group>"; };
/* End PBXFileReference section */

/* Begin PBXFrameworksBuildPhase section */
		1B6EF1A82027FCF7002605BC /* Frameworks */ = {
			isa = PBXFrameworksBuildPhase;
			buildActionMask = 2147483647;
			files = (
			);
			runOnlyForDeploymentPostprocessing = 0;
		};
		1B6EF1BC2027FCF7002605BC /* Frameworks */ = {
			isa = PBXFrameworksBuildPhase;
			buildActionMask = 2147483647;
			files = (
			);
			runOnlyForDeploymentPostprocessing = 0;
		};
		1B6EF1C72027FCF8002605BC /* Frameworks */ = {
			isa = PBXFrameworksBuildPhase;
			buildActionMask = 2147483647;
			files = (
			);
			runOnlyForDeploymentPostprocessing = 0;
		};
/* End PBXFrameworksBuildPhase section */

/* Begin PBXGroup section */
		1B6EF1A22027FCF7002605BC = {
			isa = PBXGroup;
			children = (
				1B6EF1AD2027FCF7002605BC /* Tumblr */,
				1B6EF1C22027FCF7002605BC /* TumblrTests */,
				1B6EF1CD2027FCF8002605BC /* TumblrUITests */,
				1B6EF1AC2027FCF7002605BC /* Products */,
			);
			sourceTree = "<group>";
		};
		1B6EF1AC2027FCF7002605BC /* Products */ = {
			isa = PBXGroup;
			children = (
				1B6EF1AB2027FCF7002605BC /* Tumblr.app */,
				1B6EF1BF2027FCF7002605BC /* TumblrTests.xctest */,
				1B6EF1CA2027FCF8002605BC /* TumblrUITests.xctest */,
			);
			name = Products;
			sourceTree = "<group>";
		};
		1B6EF1AD2027FCF7002605BC /* Tumblr */ = {
			isa = PBXGroup;
			children = (
				1B6EF1AE2027FCF7002605BC /* AppDelegate.swift */,
				1B6EF1B02027FCF7002605BC /* ViewController.swift */,
				1B6EF1B22027FCF7002605BC /* Main.storyboard */,
				1B6EF1B52027FCF7002605BC /* Assets.xcassets */,
				1B6EF1B72027FCF7002605BC /* LaunchScreen.storyboard */,
				1B6EF1BA2027FCF7002605BC /* Info.plist */,
			);
			path = Tumblr;
			sourceTree = "<group>";
		};
		1B6EF1C22027FCF7002605BC /* TumblrTests */ = {
			isa = PBXGroup;
			children = (
				1B6EF1C32027FCF7002605BC /* TumblrTests.swift */,
				1B6EF1C52027FCF8002605BC /* Info.plist */,
			);
			path = TumblrTests;
			sourceTree = "<group>";
		};
		1B6EF1CD2027FCF8002605BC /* TumblrUITests */ = {
			isa = PBXGroup;
			children = (
				1B6EF1CE2027FCF8002605BC /* TumblrUITests.swift */,
				1B6EF1D02027FCF8002605BC /* Info.plist */,
			);
			path = TumblrUITests;
			sourceTree = "<group>";
		};
/* End PBXGroup section */

/* Begin PBXNativeTarget section */
		1B6EF1AA2027FCF7002605BC /* Tumblr */ = {
			isa = PBXNativeTarget;
			buildConfigurationList = 1B6EF1D32027FCF8002605BC /* Build configuration list for PBXNativeTarget "Tumblr" */;
			buildPhases = (
				1B6EF1A72027FCF7002605BC /* Sources */,
				1B6EF1A82027FCF7002605BC /* Frameworks */,
				1B6EF1A92027FCF7002605BC /* Resources */,
			);
			buildRules = (
			);
			dependencies = (
			);
			name = Tumblr;
			productName = Tumblr;
			productReference = 1B6EF1AB2027FCF7002605BC /* Tumblr.app */;
			productType = "com.apple.product-type.application";
		};
		1B6EF1BE2027FCF7002605BC /* TumblrTests */ = {
			isa = PBXNativeTarget;
			buildConfigurationList = 1B6EF1D62027FCF8002605BC /* Build configuration list for PBXNativeTarget "TumblrTests" */;
			buildPhases = (
				1B6EF1BB2027FCF7002605BC /* Sources */,
				1B6EF1BC2027FCF7002605BC /* Frameworks */,
				1B6EF1BD2027FCF7002605BC /* Resources */,
			);
			buildRules = (
			);
			dependencies = (
				1B6EF1C12027FCF7002605BC /* PBXTargetDependency */,
			);
			name = TumblrTests;
			productName = TumblrTests;
			productReference = 1B6EF1BF2027FCF7002605BC /* TumblrTests.xctest */;
			productType = "com.apple.product-type.bundle.unit-test";
		};
		1B6EF1C92027FCF8002605BC /* TumblrUITests */ = {
			isa = PBXNativeTarget;
			buildConfigurationList = 1B6EF1D92027FCF8002605BC /* Build configuration list for PBXNativeTarget "TumblrUITests" */;
			buildPhases = (
				1B6EF1C62027FCF8002605BC /* Sources */,
				1B6EF1C72027FCF8002605BC /* Frameworks */,
				1B6EF1C82027FCF8002605BC /* Resources */,
			);
			buildRules = (
			);
			dependencies = (
				1B6EF1CC2027FCF8002605BC /* PBXTargetDependency */,
			);
			name = TumblrUITests;
			productName = TumblrUITests;
			productReference = 1B6EF1CA2027FCF8002605BC /* TumblrUITests.xctest */;
			productType = "com.apple.product-type.bundle.ui-testing";
		};
/* End PBXNativeTarget section */

/* Begin PBXProject section */
		1B6EF1A32027FCF7002605BC /* Project object */ = {
			isa = PBXProject;
			attributes = {
				LastSwiftUpdateCheck = 0920;
				LastUpgradeCheck = 0920;
				ORGANIZATIONNAME = "TiAuna Dod";
				TargetAttributes = {
					1B6EF1AA2027FCF7002605BC = {
						CreatedOnToolsVersion = 9.2;
						ProvisioningStyle = Automatic;
					};
					1B6EF1BE2027FCF7002605BC = {
						CreatedOnToolsVersion = 9.2;
						ProvisioningStyle = Automatic;
						TestTargetID = 1B6EF1AA2027FCF7002605BC;
					};
					1B6EF1C92027FCF8002605BC = {
						CreatedOnToolsVersion = 9.2;
						ProvisioningStyle = Automatic;
						TestTargetID = 1B6EF1AA2027FCF7002605BC;
					};
				};
			};
			buildConfigurationList = 1B6EF1A62027FCF7002605BC /* Build configuration list for PBXProject "Tumblr" */;
			compatibilityVersion = "Xcode 8.0";
			developmentRegion = en;
			hasScannedForEncodings = 0;
			knownRegions = (
				en,
				Base,
			);
			mainGroup = 1B6EF1A22027FCF7002605BC;
			productRefGroup = 1B6EF1AC2027FCF7002605BC /* Products */;
			projectDirPath = "";
			projectRoot = "";
			targets = (
				1B6EF1AA2027FCF7002605BC /* Tumblr */,
				1B6EF1BE2027FCF7002605BC /* TumblrTests */,
				1B6EF1C92027FCF8002605BC /* TumblrUITests */,
			);
		};
/* End PBXProject section */

/* Begin PBXResourcesBuildPhase section */
		1B6EF1A92027FCF7002605BC /* Resources */ = {
			isa = PBXResourcesBuildPhase;
			buildActionMask = 2147483647;
			files = (
				1B6EF1B92027FCF7002605BC /* LaunchScreen.storyboard in Resources */,
				1B6EF1B62027FCF7002605BC /* Assets.xcassets in Resources */,
				1B6EF1B42027FCF7002605BC /* Main.storyboard in Resources */,
			);
			runOnlyForDeploymentPostprocessing = 0;
		};
		1B6EF1BD2027FCF7002605BC /* Resources */ = {
			isa = PBXResourcesBuildPhase;
			buildActionMask = 2147483647;
			files = (
			);
			runOnlyForDeploymentPostprocessing = 0;
		};
		1B6EF1C82027FCF8002605BC /* Resources */ = {
			isa = PBXResourcesBuildPhase;
			buildActionMask = 2147483647;
			files = (
			);
			runOnlyForDeploymentPostprocessing = 0;
		};
/* End PBXResourcesBuildPhase section */

/* Begin PBXSourcesBuildPhase section */
		1B6EF1A72027FCF7002605BC /* Sources */ = {
			isa = PBXSourcesBuildPhase;
			buildActionMask = 2147483647;
			files = (
				1B6EF1B12027FCF7002605BC /* ViewController.swift in Sources */,
				1B6EF1AF2027FCF7002605BC /* AppDelegate.swift in Sources */,
			);
			runOnlyForDeploymentPostprocessing = 0;
		};
		1B6EF1BB2027FCF7002605BC /* Sources */ = {
			isa = PBXSourcesBuildPhase;
			buildActionMask = 2147483647;
			files = (
				1B6EF1C42027FCF7002605BC /* TumblrTests.swift in Sources */,
			);
			runOnlyForDeploymentPostprocessing = 0;
		};
		1B6EF1C62027FCF8002605BC /* Sources */ = {
			isa = PBXSourcesBuildPhase;
			buildActionMask = 2147483647;
			files = (
				1B6EF1CF2027FCF8002605BC /* TumblrUITests.swift in Sources */,
			);
			runOnlyForDeploymentPostprocessing = 0;
		};
/* End PBXSourcesBuildPhase section */

/* Begin PBXTargetDependency section */
		1B6EF1C12027FCF7002605BC /* PBXTargetDependency */ = {
			isa = PBXTargetDependency;
			target = 1B6EF1AA2027FCF7002605BC /* Tumblr */;
			targetProxy = 1B6EF1C02027FCF7002605BC /* PBXContainerItemProxy */;
		};
		1B6EF1CC2027FCF8002605BC /* PBXTargetDependency */ = {
			isa = PBXTargetDependency;
			target = 1B6EF1AA2027FCF7002605BC /* Tumblr */;
			targetProxy = 1B6EF1CB2027FCF8002605BC /* PBXContainerItemProxy */;
		};
/* End PBXTargetDependency section */

/* Begin PBXVariantGroup section */
		1B6EF1B22027FCF7002605BC /* Main.storyboard */ = {
			isa = PBXVariantGroup;
			children = (
				1B6EF1B32027FCF7002605BC /* Base */,
			);
			name = Main.storyboard;
			sourceTree = "<group>";
		};
		1B6EF1B72027FCF7002605BC /* LaunchScreen.storyboard */ = {
			isa = PBXVariantGroup;
			children = (
				1B6EF1B82027FCF7002605BC /* Base */,
			);
			name = LaunchScreen.storyboard;
			sourceTree = "<group>";
		};
/* End PBXVariantGroup section */

/* Begin XCBuildConfiguration section */
		1B6EF1D12027FCF8002605BC /* Debug */ = {
			isa = XCBuildConfiguration;
			buildSettings = {
				ALWAYS_SEARCH_USER_PATHS = NO;
				CLANG_ANALYZER_NONNULL = YES;
				CLANG_ANALYZER_NUMBER_OBJECT_CONVERSION = YES_AGGRESSIVE;
				CLANG_CXX_LANGUAGE_STANDARD = "gnu++14";
				CLANG_CXX_LIBRARY = "libc++";
				CLANG_ENABLE_MODULES = YES;
				CLANG_ENABLE_OBJC_ARC = YES;
				CLANG_WARN_BLOCK_CAPTURE_AUTORELEASING = YES;
				CLANG_WARN_BOOL_CONVERSION = YES;
				CLANG_WARN_COMMA = YES;
				CLANG_WARN_CONSTANT_CONVERSION = YES;
				CLANG_WARN_DIRECT_OBJC_ISA_USAGE = YES_ERROR;
				CLANG_WARN_DOCUMENTATION_COMMENTS = YES;
				CLANG_WARN_EMPTY_BODY = YES;
				CLANG_WARN_ENUM_CONVERSION = YES;
				CLANG_WARN_INFINITE_RECURSION = YES;
				CLANG_WARN_INT_CONVERSION = YES;
				CLANG_WARN_NON_LITERAL_NULL_CONVERSION = YES;
				CLANG_WARN_OBJC_LITERAL_CONVERSION = YES;
				CLANG_WARN_OBJC_ROOT_CLASS = YES_ERROR;
				CLANG_WARN_RANGE_LOOP_ANALYSIS = YES;
				CLANG_WARN_STRICT_PROTOTYPES = YES;
				CLANG_WARN_SUSPICIOUS_MOVE = YES;
				CLANG_WARN_UNGUARDED_AVAILABILITY = YES_AGGRESSIVE;
				CLANG_WARN_UNREACHABLE_CODE = YES;
				CLANG_WARN__DUPLICATE_METHOD_MATCH = YES;
				CODE_SIGN_IDENTITY = "iPhone Developer";
				COPY_PHASE_STRIP = NO;
				DEBUG_INFORMATION_FORMAT = dwarf;
				ENABLE_STRICT_OBJC_MSGSEND = YES;
				ENABLE_TESTABILITY = YES;
				GCC_C_LANGUAGE_STANDARD = gnu11;
				GCC_DYNAMIC_NO_PIC = NO;
				GCC_NO_COMMON_BLOCKS = YES;
				GCC_OPTIMIZATION_LEVEL = 0;
				GCC_PREPROCESSOR_DEFINITIONS = (
					"DEBUG=1",
					"$(inherited)",
				);
				GCC_WARN_64_TO_32_BIT_CONVERSION = YES;
				GCC_WARN_ABOUT_RETURN_TYPE = YES_ERROR;
				GCC_WARN_UNDECLARED_SELECTOR = YES;
				GCC_WARN_UNINITIALIZED_AUTOS = YES_AGGRESSIVE;
				GCC_WARN_UNUSED_FUNCTION = YES;
				GCC_WARN_UNUSED_VARIABLE = YES;
				IPHONEOS_DEPLOYMENT_TARGET = 11.2;
				MTL_ENABLE_DEBUG_INFO = YES;
				ONLY_ACTIVE_ARCH = YES;
				SDKROOT = iphoneos;
				SWIFT_ACTIVE_COMPILATION_CONDITIONS = DEBUG;
				SWIFT_OPTIMIZATION_LEVEL = "-Onone";
			};
			name = Debug;
		};
		1B6EF1D22027FCF8002605BC /* Release */ = {
			isa = XCBuildConfiguration;
			buildSettings = {
				ALWAYS_SEARCH_USER_PATHS = NO;
				CLANG_ANALYZER_NONNULL = YES;
				CLANG_ANALYZER_NUMBER_OBJECT_CONVERSION = YES_AGGRESSIVE;
				CLANG_CXX_LANGUAGE_STANDARD = "gnu++14";
				CLANG_CXX_LIBRARY = "libc++";
				CLANG_ENABLE_MODULES = YES;
				CLANG_ENABLE_OBJC_ARC = YES;
				CLANG_WARN_BLOCK_CAPTURE_AUTORELEASING = YES;
				CLANG_WARN_BOOL_CONVERSION = YES;
				CLANG_WARN_COMMA = YES;
				CLANG_WARN_CONSTANT_CONVERSION = YES;
				CLANG_WARN_DIRECT_OBJC_ISA_USAGE = YES_ERROR;
				CLANG_WARN_DOCUMENTATION_COMMENTS = YES;
				CLANG_WARN_EMPTY_BODY = YES;
				CLANG_WARN_ENUM_CONVERSION = YES;
				CLANG_WARN_INFINITE_RECURSION = YES;
				CLANG_WARN_INT_CONVERSION = YES;
				CLANG_WARN_NON_LITERAL_NULL_CONVERSION = YES;
				CLANG_WARN_OBJC_LITERAL_CONVERSION = YES;
				CLANG_WARN_OBJC_ROOT_CLASS = YES_ERROR;
				CLANG_WARN_RANGE_LOOP_ANALYSIS = YES;
				CLANG_WARN_STRICT_PROTOTYPES = YES;
				CLANG_WARN_SUSPICIOUS_MOVE = YES;
				CLANG_WARN_UNGUARDED_AVAILABILITY = YES_AGGRESSIVE;
				CLANG_WARN_UNREACHABLE_CODE = YES;
				CLANG_WARN__DUPLICATE_METHOD_MATCH = YES;
				CODE_SIGN_IDENTITY = "iPhone Developer";
				COPY_PHASE_STRIP = NO;
				DEBUG_INFORMATION_FORMAT = "dwarf-with-dsym";
				ENABLE_NS_ASSERTIONS = NO;
				ENABLE_STRICT_OBJC_MSGSEND = YES;
				GCC_C_LANGUAGE_STANDARD = gnu11;
				GCC_NO_COMMON_BLOCKS = YES;
				GCC_WARN_64_TO_32_BIT_CONVERSION = YES;
				GCC_WARN_ABOUT_RETURN_TYPE = YES_ERROR;
				GCC_WARN_UNDECLARED_SELECTOR = YES;
				GCC_WARN_UNINITIALIZED_AUTOS = YES_AGGRESSIVE;
				GCC_WARN_UNUSED_FUNCTION = YES;
				GCC_WARN_UNUSED_VARIABLE = YES;
				IPHONEOS_DEPLOYMENT_TARGET = 11.2;
				MTL_ENABLE_DEBUG_INFO = NO;
				SDKROOT = iphoneos;
				SWIFT_OPTIMIZATION_LEVEL = "-Owholemodule";
				VALIDATE_PRODUCT = YES;
			};
			name = Release;
		};
		1B6EF1D42027FCF8002605BC /* Debug */ = {
			isa = XCBuildConfiguration;
			buildSettings = {
				ASSETCATALOG_COMPILER_APPICON_NAME = AppIcon;
				CODE_SIGN_STYLE = Automatic;
				INFOPLIST_FILE = Tumblr/Info.plist;
				LD_RUNPATH_SEARCH_PATHS = "$(inherited) @executable_path/Frameworks";
				PRODUCT_BUNDLE_IDENTIFIER = tiaunad.Tumblr;
				PRODUCT_NAME = "$(TARGET_NAME)";
				SWIFT_VERSION = 4.0;
				TARGETED_DEVICE_FAMILY = "1,2";
			};
			name = Debug;
		};
		1B6EF1D52027FCF8002605BC /* Release */ = {
			isa = XCBuildConfiguration;
			buildSettings = {
				ASSETCATALOG_COMPILER_APPICON_NAME = AppIcon;
				CODE_SIGN_STYLE = Automatic;
				INFOPLIST_FILE = Tumblr/Info.plist;
				LD_RUNPATH_SEARCH_PATHS = "$(inherited) @executable_path/Frameworks";
				PRODUCT_BUNDLE_IDENTIFIER = tiaunad.Tumblr;
				PRODUCT_NAME = "$(TARGET_NAME)";
				SWIFT_VERSION = 4.0;
				TARGETED_DEVICE_FAMILY = "1,2";
			};
			name = Release;
		};
		1B6EF1D72027FCF8002605BC /* Debug */ = {
			isa = XCBuildConfiguration;
			buildSettings = {
				ALWAYS_EMBED_SWIFT_STANDARD_LIBRARIES = YES;
				BUNDLE_LOADER = "$(TEST_HOST)";
				CODE_SIGN_STYLE = Automatic;
				INFOPLIST_FILE = TumblrTests/Info.plist;
				LD_RUNPATH_SEARCH_PATHS = "$(inherited) @executable_path/Frameworks @loader_path/Frameworks";
				PRODUCT_BUNDLE_IDENTIFIER = tiaunad.TumblrTests;
				PRODUCT_NAME = "$(TARGET_NAME)";
				SWIFT_VERSION = 4.0;
				TARGETED_DEVICE_FAMILY = "1,2";
				TEST_HOST = "$(BUILT_PRODUCTS_DIR)/Tumblr.app/Tumblr";
			};
			name = Debug;
		};
		1B6EF1D82027FCF8002605BC /* Release */ = {
			isa = XCBuildConfiguration;
			buildSettings = {
				ALWAYS_EMBED_SWIFT_STANDARD_LIBRARIES = YES;
				BUNDLE_LOADER = "$(TEST_HOST)";
				CODE_SIGN_STYLE = Automatic;
				INFOPLIST_FILE = TumblrTests/Info.plist;
				LD_RUNPATH_SEARCH_PATHS = "$(inherited) @executable_path/Frameworks @loader_path/Frameworks";
				PRODUCT_BUNDLE_IDENTIFIER = tiaunad.TumblrTests;
				PRODUCT_NAME = "$(TARGET_NAME)";
				SWIFT_VERSION = 4.0;
				TARGETED_DEVICE_FAMILY = "1,2";
				TEST_HOST = "$(BUILT_PRODUCTS_DIR)/Tumblr.app/Tumblr";
			};
			name = Release;
		};
		1B6EF1DA2027FCF8002605BC /* Debug */ = {
			isa = XCBuildConfiguration;
			buildSettings = {
				ALWAYS_EMBED_SWIFT_STANDARD_LIBRARIES = YES;
				CODE_SIGN_STYLE = Automatic;
				INFOPLIST_FILE = TumblrUITests/Info.plist;
				LD_RUNPATH_SEARCH_PATHS = "$(inherited) @executable_path/Frameworks @loader_path/Frameworks";
				PRODUCT_BUNDLE_IDENTIFIER = tiaunad.TumblrUITests;
				PRODUCT_NAME = "$(TARGET_NAME)";
				SWIFT_VERSION = 4.0;
				TARGETED_DEVICE_FAMILY = "1,2";
				TEST_TARGET_NAME = Tumblr;
			};
			name = Debug;
		};
		1B6EF1DB2027FCF8002605BC /* Release */ = {
			isa = XCBuildConfiguration;
			buildSettings = {
				ALWAYS_EMBED_SWIFT_STANDARD_LIBRARIES = YES;
				CODE_SIGN_STYLE = Automatic;
				INFOPLIST_FILE = TumblrUITests/Info.plist;
				LD_RUNPATH_SEARCH_PATHS = "$(inherited) @executable_path/Frameworks @loader_path/Frameworks";
				PRODUCT_BUNDLE_IDENTIFIER = tiaunad.TumblrUITests;
				PRODUCT_NAME = "$(TARGET_NAME)";
				SWIFT_VERSION = 4.0;
				TARGETED_DEVICE_FAMILY = "1,2";
				TEST_TARGET_NAME = Tumblr;
			};
			name = Release;
		};
/* End XCBuildConfiguration section */

/* Begin XCConfigurationList section */
		1B6EF1A62027FCF7002605BC /* Build configuration list for PBXProject "Tumblr" */ = {
			isa = XCConfigurationList;
			buildConfigurations = (
				1B6EF1D12027FCF8002605BC /* Debug */,
				1B6EF1D22027FCF8002605BC /* Release */,
			);
			defaultConfigurationIsVisible = 0;
			defaultConfigurationName = Release;
		};
		1B6EF1D32027FCF8002605BC /* Build configuration list for PBXNativeTarget "Tumblr" */ = {
			isa = XCConfigurationList;
			buildConfigurations = (
				1B6EF1D42027FCF8002605BC /* Debug */,
				1B6EF1D52027FCF8002605BC /* Release */,
			);
			defaultConfigurationIsVisible = 0;
			defaultConfigurationName = Release;
		};
		1B6EF1D62027FCF8002605BC /* Build configuration list for PBXNativeTarget "TumblrTests" */ = {
			isa = XCConfigurationList;
			buildConfigurations = (
				1B6EF1D72027FCF8002605BC /* Debug */,
				1B6EF1D82027FCF8002605BC /* Release */,
			);
			defaultConfigurationIsVisible = 0;
			defaultConfigurationName = Release;
		};
		1B6EF1D92027FCF8002605BC /* Build configuration list for PBXNativeTarget "TumblrUITests" */ = {
			isa = XCConfigurationList;
			buildConfigurations = (
				1B6EF1DA2027FCF8002605BC /* Debug */,
				1B6EF1DB2027FCF8002605BC /* Release */,
			);
			defaultConfigurationIsVisible = 0;
			defaultConfigurationName = Release;
		};
/* End XCConfigurationList section */
	};
	rootObject = 1B6EF1A32027FCF7002605BC /* Project object */;
}
